
Microsoft Visual Studio Solution File, Format Version 12.00
# Visual Studio Version 17
VisualStudioVersion = 17.1.32228.430
MinimumVisualStudioVersion = 10.0.40219.1
Project("{2150E333-8FDC-42A3-9474-1A3956D46DE8}") = "src", "src", "{D4A73584-90CC-403B-94C9-45BFC0D8DCA6}"
EndProject
Project("{00D1A9C2-B5F0-4AF3-8072-F6C62B433612}") = "SqlFundamentals", "src\SqlFundamentals\SqlFundamentals.sqlproj", "{289F0E62-EC5B-4B28-85CB-A994A4234113}"
EndProject
Project("{9A19103F-16F7-4668-BE54-9A1E7A4F7556}") = "OopFundamentalsAndDesignPrinciples", "src\OopFundamentalsAndDesignPrinciples\OopFundamentalsAndDesignPrinciples.csproj", "{0D39458A-7300-4048-82A9-6C8A912442E6}"
EndProject
Project("{9A19103F-16F7-4668-BE54-9A1E7A4F7556}") = "AdvancedCSharp", "src\AdvancedCSharp\AdvancedCSharp.csproj", "{36FA9664-22E2-4B37-A374-5EEF0C83BC0F}"
EndProject
Project("{2150E333-8FDC-42A3-9474-1A3956D46DE8}") = "test", "test", "{F1E4C282-EAD9-49F6-B19A-800AE4C33B7B}"
EndProject
Project("{9A19103F-16F7-4668-BE54-9A1E7A4F7556}") = "AdvancedCSharp.Tests", "test\AdvancedCSharp.Tests\AdvancedCSharp.Tests.csproj", "{1B5E9EBC-0BD8-43EC-9084-FC9836EA9A0C}"
EndProject
Project("{9A19103F-16F7-4668-BE54-9A1E7A4F7556}") = "Reflection", "src\Reflection\Reflection.csproj", "{D797AEAE-9573-43F7-9ED1-90B3E8279012}"
EndProject
Project("{9A19103F-16F7-4668-BE54-9A1E7A4F7556}") = "Reflection.Runner", "src\Reflection.Runner\Reflection.Runner.csproj", "{E40799D0-E2AA-4ED3-9201-8FC7143F2C8C}"
EndProject
Project("{9A19103F-16F7-4668-BE54-9A1E7A4F7556}") = "Reflection.FileConfigurationProvider", "Reflection.FileConfigurationProvider\Reflection.FileConfigurationProvider.csproj", "{06424E12-2968-4C64-B9C9-149C60F4FBC1}"
EndProject
Project("{9A19103F-16F7-4668-BE54-9A1E7A4F7556}") = "Reflection.Models", "Reflection.ConfigurationItem\Reflection.Models.csproj", "{D819E0FD-C54B-483B-A625-DA05457B9EBC}"
EndProject
Project("{2150E333-8FDC-42A3-9474-1A3956D46DE8}") = "Reflection Part 2", "Reflection Part 2", "{F8321285-1791-4311-B065-31711D0E6F4E}"
EndProject
Project("{9A19103F-16F7-4668-BE54-9A1E7A4F7556}") = "Reflection.ConfigurationManagerConfigurationProvider", "src\Reflection.ConfigurationManagerConfigurationProvider\Reflection.ConfigurationManagerConfigurationProvider.csproj", "{2C240242-5E9A-4F12-A15A-7E3FAC6023D9}"
EndProject
Project("{FAE04EC0-301F-11D3-BF4B-00C04F79EFBC}") = "UnitTesting", "src\UnitTesting\UnitTesting.csproj", "{A2F95B98-0557-4E05-80BB-6A25B59404B2}"
EndProject
Project("{FAE04EC0-301F-11D3-BF4B-00C04F79EFBC}") = "UnitTesting.Tests", "test\UnitTests.Tests\UnitTesting.Tests.csproj", "{9AC8F0F5-2103-48F3-8CA5-2A4750CD1DDC}"
EndProject
Global
	GlobalSection(SolutionConfigurationPlatforms) = preSolution
		Debug|Any CPU = Debug|Any CPU
		Release|Any CPU = Release|Any CPU
	EndGlobalSection
	GlobalSection(ProjectConfigurationPlatforms) = postSolution
		{289F0E62-EC5B-4B28-85CB-A994A4234113}.Debug|Any CPU.ActiveCfg = Debug|Any CPU
		{289F0E62-EC5B-4B28-85CB-A994A4234113}.Debug|Any CPU.Build.0 = Debug|Any CPU
		{289F0E62-EC5B-4B28-85CB-A994A4234113}.Debug|Any CPU.Deploy.0 = Debug|Any CPU
		{289F0E62-EC5B-4B28-85CB-A994A4234113}.Release|Any CPU.ActiveCfg = Release|Any CPU
		{289F0E62-EC5B-4B28-85CB-A994A4234113}.Release|Any CPU.Build.0 = Release|Any CPU
		{289F0E62-EC5B-4B28-85CB-A994A4234113}.Release|Any CPU.Deploy.0 = Release|Any CPU
		{0D39458A-7300-4048-82A9-6C8A912442E6}.Debug|Any CPU.ActiveCfg = Debug|Any CPU
		{0D39458A-7300-4048-82A9-6C8A912442E6}.Debug|Any CPU.Build.0 = Debug|Any CPU
		{0D39458A-7300-4048-82A9-6C8A912442E6}.Release|Any CPU.ActiveCfg = Release|Any CPU
		{0D39458A-7300-4048-82A9-6C8A912442E6}.Release|Any CPU.Build.0 = Release|Any CPU
		{36FA9664-22E2-4B37-A374-5EEF0C83BC0F}.Debug|Any CPU.ActiveCfg = Debug|Any CPU
		{36FA9664-22E2-4B37-A374-5EEF0C83BC0F}.Debug|Any CPU.Build.0 = Debug|Any CPU
		{36FA9664-22E2-4B37-A374-5EEF0C83BC0F}.Release|Any CPU.ActiveCfg = Release|Any CPU
		{36FA9664-22E2-4B37-A374-5EEF0C83BC0F}.Release|Any CPU.Build.0 = Release|Any CPU
		{1B5E9EBC-0BD8-43EC-9084-FC9836EA9A0C}.Debug|Any CPU.ActiveCfg = Debug|Any CPU
		{1B5E9EBC-0BD8-43EC-9084-FC9836EA9A0C}.Debug|Any CPU.Build.0 = Debug|Any CPU
		{1B5E9EBC-0BD8-43EC-9084-FC9836EA9A0C}.Release|Any CPU.ActiveCfg = Release|Any CPU
		{1B5E9EBC-0BD8-43EC-9084-FC9836EA9A0C}.Release|Any CPU.Build.0 = Release|Any CPU
		{D797AEAE-9573-43F7-9ED1-90B3E8279012}.Debug|Any CPU.ActiveCfg = Debug|Any CPU
		{D797AEAE-9573-43F7-9ED1-90B3E8279012}.Debug|Any CPU.Build.0 = Debug|Any CPU
		{D797AEAE-9573-43F7-9ED1-90B3E8279012}.Release|Any CPU.ActiveCfg = Release|Any CPU
		{D797AEAE-9573-43F7-9ED1-90B3E8279012}.Release|Any CPU.Build.0 = Release|Any CPU
		{E40799D0-E2AA-4ED3-9201-8FC7143F2C8C}.Debug|Any CPU.ActiveCfg = Debug|Any CPU
		{E40799D0-E2AA-4ED3-9201-8FC7143F2C8C}.Debug|Any CPU.Build.0 = Debug|Any CPU
		{E40799D0-E2AA-4ED3-9201-8FC7143F2C8C}.Release|Any CPU.ActiveCfg = Release|Any CPU
		{E40799D0-E2AA-4ED3-9201-8FC7143F2C8C}.Release|Any CPU.Build.0 = Release|Any CPU
		{06424E12-2968-4C64-B9C9-149C60F4FBC1}.Debug|Any CPU.ActiveCfg = Debug|Any CPU
		{06424E12-2968-4C64-B9C9-149C60F4FBC1}.Debug|Any CPU.Build.0 = Debug|Any CPU
		{06424E12-2968-4C64-B9C9-149C60F4FBC1}.Release|Any CPU.ActiveCfg = Release|Any CPU
		{06424E12-2968-4C64-B9C9-149C60F4FBC1}.Release|Any CPU.Build.0 = Release|Any CPU
		{D819E0FD-C54B-483B-A625-DA05457B9EBC}.Debug|Any CPU.ActiveCfg = Debug|Any CPU
		{D819E0FD-C54B-483B-A625-DA05457B9EBC}.Debug|Any CPU.Build.0 = Debug|Any CPU
		{D819E0FD-C54B-483B-A625-DA05457B9EBC}.Release|Any CPU.ActiveCfg = Release|Any CPU
		{D819E0FD-C54B-483B-A625-DA05457B9EBC}.Release|Any CPU.Build.0 = Release|Any CPU
		{2C240242-5E9A-4F12-A15A-7E3FAC6023D9}.Debug|Any CPU.ActiveCfg = Debug|Any CPU
		{2C240242-5E9A-4F12-A15A-7E3FAC6023D9}.Debug|Any CPU.Build.0 = Debug|Any CPU
		{2C240242-5E9A-4F12-A15A-7E3FAC6023D9}.Release|Any CPU.ActiveCfg = Release|Any CPU
		{2C240242-5E9A-4F12-A15A-7E3FAC6023D9}.Release|Any CPU.Build.0 = Release|Any CPU
		{A2F95B98-0557-4E05-80BB-6A25B59404B2}.Debug|Any CPU.ActiveCfg = Debug|Any CPU
		{A2F95B98-0557-4E05-80BB-6A25B59404B2}.Debug|Any CPU.Build.0 = Debug|Any CPU
		{A2F95B98-0557-4E05-80BB-6A25B59404B2}.Release|Any CPU.ActiveCfg = Release|Any CPU
		{A2F95B98-0557-4E05-80BB-6A25B59404B2}.Release|Any CPU.Build.0 = Release|Any CPU
		{9AC8F0F5-2103-48F3-8CA5-2A4750CD1DDC}.Debug|Any CPU.ActiveCfg = Debug|Any CPU
		{9AC8F0F5-2103-48F3-8CA5-2A4750CD1DDC}.Debug|Any CPU.Build.0 = Debug|Any CPU
		{9AC8F0F5-2103-48F3-8CA5-2A4750CD1DDC}.Release|Any CPU.ActiveCfg = Release|Any CPU
		{9AC8F0F5-2103-48F3-8CA5-2A4750CD1DDC}.Release|Any CPU.Build.0 = Release|Any CPU
	EndGlobalSection
	GlobalSection(SolutionProperties) = preSolution
		HideSolutionNode = FALSE
	EndGlobalSection
	GlobalSection(NestedProjects) = preSolution
		{289F0E62-EC5B-4B28-85CB-A994A4234113} = {D4A73584-90CC-403B-94C9-45BFC0D8DCA6}
		{0D39458A-7300-4048-82A9-6C8A912442E6} = {D4A73584-90CC-403B-94C9-45BFC0D8DCA6}
		{36FA9664-22E2-4B37-A374-5EEF0C83BC0F} = {D4A73584-90CC-403B-94C9-45BFC0D8DCA6}
		{1B5E9EBC-0BD8-43EC-9084-FC9836EA9A0C} = {F1E4C282-EAD9-49F6-B19A-800AE4C33B7B}
		{D797AEAE-9573-43F7-9ED1-90B3E8279012} = {D4A73584-90CC-403B-94C9-45BFC0D8DCA6}
		{E40799D0-E2AA-4ED3-9201-8FC7143F2C8C} = {F8321285-1791-4311-B065-31711D0E6F4E}
		{06424E12-2968-4C64-B9C9-149C60F4FBC1} = {F8321285-1791-4311-B065-31711D0E6F4E}
		{D819E0FD-C54B-483B-A625-DA05457B9EBC} = {F8321285-1791-4311-B065-31711D0E6F4E}
		{F8321285-1791-4311-B065-31711D0E6F4E} = {D4A73584-90CC-403B-94C9-45BFC0D8DCA6}
		{2C240242-5E9A-4F12-A15A-7E3FAC6023D9} = {F8321285-1791-4311-B065-31711D0E6F4E}
		{A2F95B98-0557-4E05-80BB-6A25B59404B2} = {D4A73584-90CC-403B-94C9-45BFC0D8DCA6}
		{9AC8F0F5-2103-48F3-8CA5-2A4750CD1DDC} = {F1E4C282-EAD9-49F6-B19A-800AE4C33B7B}
	EndGlobalSection
	GlobalSection(ExtensibilityGlobals) = postSolution
		SolutionGuid = {B746B80D-9C04-4E78-AD69-56ADCBA54BDC}
	EndGlobalSection
EndGlobal
